// !$*UTF8*$!
{
	archiveVersion = 1;
	classes = {
	};
	objectVersion = 46;
	objects = {

/* Begin PBXBuildFile section */
		3554A6841B29536300F178AF /* main.m in Sources */ = {isa = PBXBuildFile; fileRef = 3554A6831B29536300F178AF /* main.m */; };
		3554A6871B29536300F178AF /* AppDelegate.m in Sources */ = {isa = PBXBuildFile; fileRef = 3554A6861B29536300F178AF /* AppDelegate.m */; };
		3554A68A1B29536300F178AF /* ViewController.m in Sources */ = {isa = PBXBuildFile; fileRef = 3554A6891B29536300F178AF /* ViewController.m */; };
		3554A68D1B29536300F178AF /* Main.storyboard in Resources */ = {isa = PBXBuildFile; fileRef = 3554A68B1B29536300F178AF /* Main.storyboard */; };
		3554A68F1B29536300F178AF /* Images.xcassets in Resources */ = {isa = PBXBuildFile; fileRef = 3554A68E1B29536300F178AF /* Images.xcassets */; };
		3554A6921B29536300F178AF /* LaunchScreen.xib in Resources */ = {isa = PBXBuildFile; fileRef = 3554A6901B29536300F178AF /* LaunchScreen.xib */; };
		3554A69E1B29536300F178AF /* IP_LookupTests.m in Sources */ = {isa = PBXBuildFile; fileRef = 3554A69D1B29536300F178AF /* IP_LookupTests.m */; };
		3554A6A91B29552200F178AF /* NetworkHandler.m in Sources */ = {isa = PBXBuildFile; fileRef = 3554A6A81B29552200F178AF /* NetworkHandler.m */; };
/* End PBXBuildFile section */

/* Begin PBXContainerItemProxy section */
		3554A6981B29536300F178AF /* PBXContainerItemProxy */ = {
			isa = PBXContainerItemProxy;
			containerPortal = 3554A6761B29536300F178AF /* Project object */;
			proxyType = 1;
			remoteGlobalIDString = 3554A67D1B29536300F178AF;
			remoteInfo = "IP Lookup";
		};
/* End PBXContainerItemProxy section */

/* Begin PBXFileReference section */
		3554A67E1B29536300F178AF /* IP Lookup.app */ = {isa = PBXFileReference; explicitFileType = wrapper.application; includeInIndex = 0; path = "IP Lookup.app"; sourceTree = BUILT_PRODUCTS_DIR; };
		3554A6821B29536300F178AF /* Info.plist */ = {isa = PBXFileReference; lastKnownFileType = text.plist.xml; path = Info.plist; sourceTree = "<group>"; };
		3554A6831B29536300F178AF /* main.m */ = {isa = PBXFileReference; lastKnownFileType = sourcecode.c.objc; path = main.m; sourceTree = "<group>"; };
		3554A6851B29536300F178AF /* AppDelegate.h */ = {isa = PBXFileReference; lastKnownFileType = sourcecode.c.h; path = AppDelegate.h; sourceTree = "<group>"; };
		3554A6861B29536300F178AF /* AppDelegate.m */ = {isa = PBXFileReference; lastKnownFileType = sourcecode.c.objc; path = AppDelegate.m; sourceTree = "<group>"; };
		3554A6881B29536300F178AF /* ViewController.h */ = {isa = PBXFileReference; lastKnownFileType = sourcecode.c.h; path = ViewController.h; sourceTree = "<group>"; };
		3554A6891B29536300F178AF /* ViewController.m */ = {isa = PBXFileReference; lastKnownFileType = sourcecode.c.objc; path = ViewController.m; sourceTree = "<group>"; };
		3554A68C1B29536300F178AF /* Base */ = {isa = PBXFileReference; lastKnownFileType = file.storyboard; name = Base; path = Base.lproj/Main.storyboard; sourceTree = "<group>"; };
		3554A68E1B29536300F178AF /* Images.xcassets */ = {isa = PBXFileReference; lastKnownFileType = folder.assetcatalog; path = Images.xcassets; sourceTree = "<group>"; };
		3554A6911B29536300F178AF /* Base */ = {isa = PBXFileReference; lastKnownFileType = file.xib; name = Base; path = Base.lproj/LaunchScreen.xib; sourceTree = "<group>"; };
		3554A6971B29536300F178AF /* IP LookupTests.xctest */ = {isa = PBXFileReference; explicitFileType = wrapper.cfbundle; includeInIndex = 0; path = "IP LookupTests.xctest"; sourceTree = BUILT_PRODUCTS_DIR; };
		3554A69C1B29536300F178AF /* Info.plist */ = {isa = PBXFileReference; lastKnownFileType = text.plist.xml; path = Info.plist; sourceTree = "<group>"; };
		3554A69D1B29536300F178AF /* IP_LookupTests.m */ = {isa = PBXFileReference; lastKnownFileType = sourcecode.c.objc; path = IP_LookupTests.m; sourceTree = "<group>"; };
		3554A6A71B29550A00F178AF /* NetworkHandler.h */ = {isa = PBXFileReference; lastKnownFileType = sourcecode.c.h; path = NetworkHandler.h; sourceTree = "<group>"; };
		3554A6A81B29552200F178AF /* NetworkHandler.m */ = {isa = PBXFileReference; fileEncoding = 4; lastKnownFileType = sourcecode.c.objc; path = NetworkHandler.m; sourceTree = "<group>"; };
/* End PBXFileReference section */

/* Begin PBXFrameworksBuildPhase section */
		3554A67B1B29536300F178AF /* Frameworks */ = {
			isa = PBXFrameworksBuildPhase;
			buildActionMask = 2147483647;
			files = (
			);
			runOnlyForDeploymentPostprocessing = 0;
		};
		3554A6941B29536300F178AF /* Frameworks */ = {
			isa = PBXFrameworksBuildPhase;
			buildActionMask = 2147483647;
			files = (
			);
			runOnlyForDeploymentPostprocessing = 0;
		};
/* End PBXFrameworksBuildPhase section */

/* Begin PBXGroup section */
		3554A6751B29536300F178AF = {
			isa = PBXGroup;
			children = (
				3554A6801B29536300F178AF /* IP Lookup */,
				3554A69A1B29536300F178AF /* IP LookupTests */,
				3554A67F1B29536300F178AF /* Products */,
			);
			sourceTree = "<group>";
		};
		3554A67F1B29536300F178AF /* Products */ = {
			isa = PBXGroup;
			children = (
				3554A67E1B29536300F178AF /* IP Lookup.app */,
				3554A6971B29536300F178AF /* IP LookupTests.xctest */,
			);
			name = Products;
			sourceTree = "<group>";
		};
		3554A6801B29536300F178AF /* IP Lookup */ = {
			isa = PBXGroup;
			children = (
				3554A6851B29536300F178AF /* AppDelegate.h */,
				3554A6861B29536300F178AF /* AppDelegate.m */,
				3554A68B1B29536300F178AF /* Main.storyboard */,
				3554A6881B29536300F178AF /* ViewController.h */,
				3554A6891B29536300F178AF /* ViewController.m */,
				3554A6A71B29550A00F178AF /* NetworkHandler.h */,
				3554A6A81B29552200F178AF /* NetworkHandler.m */,
				3554A68E1B29536300F178AF /* Images.xcassets */,
				3554A6901B29536300F178AF /* LaunchScreen.xib */,
				3554A6811B29536300F178AF /* Supporting Files */,
			);
			path = "IP Lookup";
			sourceTree = "<group>";
		};
		3554A6811B29536300F178AF /* Supporting Files */ = {
			isa = PBXGroup;
			children = (
				3554A6821B29536300F178AF /* Info.plist */,
				3554A6831B29536300F178AF /* main.m */,
			);
			name = "Supporting Files";
			sourceTree = "<group>";
		};
		3554A69A1B29536300F178AF /* IP LookupTests */ = {
			isa = PBXGroup;
			children = (
				3554A69D1B29536300F178AF /* IP_LookupTests.m */,
				3554A69B1B29536300F178AF /* Supporting Files */,
			);
			path = "IP LookupTests";
			sourceTree = "<group>";
		};
		3554A69B1B29536300F178AF /* Supporting Files */ = {
			isa = PBXGroup;
			children = (
				3554A69C1B29536300F178AF /* Info.plist */,
			);
			name = "Supporting Files";
			sourceTree = "<group>";
		};
/* End PBXGroup section */

/* Begin PBXNativeTarget section */
		3554A67D1B29536300F178AF /* IP Lookup */ = {
			isa = PBXNativeTarget;
			buildConfigurationList = 3554A6A11B29536300F178AF /* Build configuration list for PBXNativeTarget "IP Lookup" */;
			buildPhases = (
				3554A67A1B29536300F178AF /* Sources */,
				3554A67B1B29536300F178AF /* Frameworks */,
				3554A67C1B29536300F178AF /* Resources */,
			);
			buildRules = (
			);
			dependencies = (
			);
			name = "IP Lookup";
			productName = "IP Lookup";
			productReference = 3554A67E1B29536300F178AF /* IP Lookup.app */;
			productType = "com.apple.product-type.application";
		};
		3554A6961B29536300F178AF /* IP LookupTests */ = {
			isa = PBXNativeTarget;
			buildConfigurationList = 3554A6A41B29536300F178AF /* Build configuration list for PBXNativeTarget "IP LookupTests" */;
			buildPhases = (
				3554A6931B29536300F178AF /* Sources */,
				3554A6941B29536300F178AF /* Frameworks */,
				3554A6951B29536300F178AF /* Resources */,
			);
			buildRules = (
			);
			dependencies = (
				3554A6991B29536300F178AF /* PBXTargetDependency */,
			);
			name = "IP LookupTests";
			productName = "IP LookupTests";
			productReference = 3554A6971B29536300F178AF /* IP LookupTests.xctest */;
			productType = "com.apple.product-type.bundle.unit-test";
		};
/* End PBXNativeTarget section */

/* Begin PBXProject section */
		3554A6761B29536300F178AF /* Project object */ = {
			isa = PBXProject;
			attributes = {
				LastUpgradeCheck = 0610;
				ORGANIZATIONNAME = Rahul;
				TargetAttributes = {
					3554A67D1B29536300F178AF = {
						CreatedOnToolsVersion = 6.1.1;
					};
					3554A6961B29536300F178AF = {
						CreatedOnToolsVersion = 6.1.1;
						TestTargetID = 3554A67D1B29536300F178AF;
					};
				};
			};
			buildConfigurationList = 3554A6791B29536300F178AF /* Build configuration list for PBXProject "IP Lookup" */;
			compatibilityVersion = "Xcode 3.2";
			developmentRegion = English;
			hasScannedForEncodings = 0;
			knownRegions = (
				en,
				Base,
			);
			mainGroup = 3554A6751B29536300F178AF;
			productRefGroup = 3554A67F1B29536300F178AF /* Products */;
			projectDirPath = "";
			projectRoot = "";
			targets = (
				3554A67D1B29536300F178AF /* IP Lookup */,
				3554A6961B29536300F178AF /* IP LookupTests */,
			);
		};
/* End PBXProject section */

/* Begin PBXResourcesBuildPhase section */
		3554A67C1B29536300F178AF /* Resources */ = {
			isa = PBXResourcesBuildPhase;
			buildActionMask = 2147483647;
			files = (
				3554A68D1B29536300F178AF /* Main.storyboard in Resources */,
				3554A6921B29536300F178AF /* LaunchScreen.xib in Resources */,
				3554A68F1B29536300F178AF /* Images.xcassets in Resources */,
			);
			runOnlyForDeploymentPostprocessing = 0;
		};
		3554A6951B29536300F178AF /* Resources */ = {
			isa = PBXResourcesBuildPhase;
			buildActionMask = 2147483647;
			files = (
			);
			runOnlyForDeploymentPostprocessing = 0;
		};
/* End PBXResourcesBuildPhase section */

/* Begin PBXSourcesBuildPhase section */
		3554A67A1B29536300F178AF /* Sources */ = {
			isa = PBXSourcesBuildPhase;
			buildActionMask = 2147483647;
			files = (
				3554A68A1B29536300F178AF /* ViewController.m in Sources */,
				3554A6871B29536300F178AF /* AppDelegate.m in Sources */,
				3554A6841B29536300F178AF /* main.m in Sources */,
				3554A6A91B29552200F178AF /* NetworkHandler.m in Sources */,
			);
			runOnlyForDeploymentPostprocessing = 0;
		};
		3554A6931B29536300F178AF /* Sources */ = {
			isa = PBXSourcesBuildPhase;
			buildActionMask = 2147483647;
			files = (
				3554A69E1B29536300F178AF /* IP_LookupTests.m in Sources */,
			);
			runOnlyForDeploymentPostprocessing = 0;
		};
/* End PBXSourcesBuildPhase section */

/* Begin PBXTargetDependency section */
		3554A6991B29536300F178AF /* PBXTargetDependency */ = {
			isa = PBXTargetDependency;
			target = 3554A67D1B29536300F178AF /* IP Lookup */;
			targetProxy = 3554A6981B29536300F178AF /* PBXContainerItemProxy */;
		};
/* End PBXTargetDependency section */

/* Begin PBXVariantGroup section */
		3554A68B1B29536300F178AF /* Main.storyboard */ = {
			isa = PBXVariantGroup;
			children = (
				3554A68C1B29536300F178AF /* Base */,
			);
			name = Main.storyboard;
			sourceTree = "<group>";
		};
		3554A6901B29536300F178AF /* LaunchScreen.xib */ = {
			isa = PBXVariantGroup;
			children = (
				3554A6911B29536300F178AF /* Base */,
			);
			name = LaunchScreen.xib;
			sourceTree = "<group>";
		};
/* End PBXVariantGroup section */

/* Begin XCBuildConfiguration section */
		3554A69F1B29536300F178AF /* Debug */ = {
			isa = XCBuildConfiguration;
			buildSettings = {
				ALWAYS_SEARCH_USER_PATHS = NO;
				CLANG_CXX_LANGUAGE_STANDARD = "gnu++0x";
				CLANG_CXX_LIBRARY = "libc++";
				CLANG_ENABLE_MODULES = YES;
				CLANG_ENABLE_OBJC_ARC = YES;
				CLANG_WARN_BOOL_CONVERSION = YES;
				CLANG_WARN_CONSTANT_CONVERSION = YES;
				CLANG_WARN_DIRECT_OBJC_ISA_USAGE = YES_ERROR;
				CLANG_WARN_EMPTY_BODY = YES;
				CLANG_WARN_ENUM_CONVERSION = YES;
				CLANG_WARN_INT_CONVERSION = YES;
				CLANG_WARN_OBJC_ROOT_CLASS = YES_ERROR;
				CLANG_WARN_UNREACHABLE_CODE = YES;
				CLANG_WARN__DUPLICATE_METHOD_MATCH = YES;
				"CODE_SIGN_IDENTITY[sdk=iphoneos*]" = "iPhone Developer";
				COPY_PHASE_STRIP = NO;
				ENABLE_STRICT_OBJC_MSGSEND = YES;
				GCC_C_LANGUAGE_STANDARD = gnu99;
				GCC_DYNAMIC_NO_PIC = NO;
				GCC_OPTIMIZATION_LEVEL = 0;
				GCC_PREPROCESSOR_DEFINITIONS = (
					"DEBUG=1",
					"$(inherited)",
				);
				GCC_SYMBOLS_PRIVATE_EXTERN = NO;
				GCC_WARN_64_TO_32_BIT_CONVERSION = YES;
				GCC_WARN_ABOUT_RETURN_TYPE = YES_ERROR;
				GCC_WARN_UNDECLARED_SELECTOR = YES;
				GCC_WARN_UNINITIALIZED_AUTOS = YES_AGGRESSIVE;
				GCC_WARN_UNUSED_FUNCTION = YES;
				GCC_WARN_UNUSED_VARIABLE = YES;
				IPHONEOS_DEPLOYMENT_TARGET = 8.1;
				MTL_ENABLE_DEBUG_INFO = YES;
				ONLY_ACTIVE_ARCH = YES;
				SDKROOT = iphoneos;
				TARGETED_DEVICE_FAMILY = "1,2";
			};
			name = Debug;
		};
		3554A6A01B29536300F178AF /* Release */ = {
			isa = XCBuildConfiguration;
			buildSettings = {
				ALWAYS_SEARCH_USER_PATHS = NO;
				CLANG_CXX_LANGUAGE_STANDARD = "gnu++0x";
				CLANG_CXX_LIBRARY = "libc++";
				CLANG_ENABLE_MODULES = YES;
				CLANG_ENABLE_OBJC_ARC = YES;
				CLANG_WARN_BOOL_CONVERSION = YES;
				CLANG_WARN_CONSTANT_CONVERSION = YES;
				CLANG_WARN_DIRECT_OBJC_ISA_USAGE = YES_ERROR;
				CLANG_WARN_EMPTY_BODY = YES;
				CLANG_WARN_ENUM_CONVERSION = YES;
				CLANG_WARN_INT_CONVERSION = YES;
				CLANG_WARN_OBJC_ROOT_CLASS = YES_ERROR;
				CLANG_WARN_UNREACHABLE_CODE = YES;
				CLANG_WARN__DUPLICATE_METHOD_MATCH = YES;
				"CODE_SIGN_IDENTITY[sdk=iphoneos*]" = "iPhone Developer";
				COPY_PHASE_STRIP = YES;
				ENABLE_NS_ASSERTIONS = NO;
				ENABLE_STRICT_OBJC_MSGSEND = YES;
				GCC_C_LANGUAGE_STANDARD = gnu99;
				GCC_WARN_64_TO_32_BIT_CONVERSION = YES;
				GCC_WARN_ABOUT_RETURN_TYPE = YES_ERROR;
				GCC_WARN_UNDECLARED_SELECTOR = YES;
				GCC_WARN_UNINITIALIZED_AUTOS = YES_AGGRESSIVE;
				GCC_WARN_UNUSED_FUNCTION = YES;
				GCC_WARN_UNUSED_VARIABLE = YES;
				IPHONEOS_DEPLOYMENT_TARGET = 8.1;
				MTL_ENABLE_DEBUG_INFO = NO;
				SDKROOT = iphoneos;
				TARGETED_DEVICE_FAMILY = "1,2";
				VALIDATE_PRODUCT = YES;
			};
			name = Release;
		};
		3554A6A21B29536300F178AF /* Debug */ = {
			isa = XCBuildConfiguration;
			buildSettings = {
				ASSETCATALOG_COMPILER_APPICON_NAME = AppIcon;
				INFOPLIST_FILE = "IP Lookup/Info.plist";
				LD_RUNPATH_SEARCH_PATHS = "$(inherited) @executable_path/Frameworks";
				PRODUCT_NAME = "$(TARGET_NAME)";
			};
			name = Debug;
		};
		3554A6A31B29536300F178AF /* Release */ = {
			isa = XCBuildConfiguration;
			buildSettings = {
				ASSETCATALOG_COMPILER_APPICON_NAME = AppIcon;
				INFOPLIST_FILE = "IP Lookup/Info.plist";
				LD_RUNPATH_SEARCH_PATHS = "$(inherited) @executable_path/Frameworks";
				PRODUCT_NAME = "$(TARGET_NAME)";
			};
			name = Release;
		};
		3554A6A51B29536300F178AF /* Debug */ = {
			isa = XCBuildConfiguration;
			buildSettings = {
				BUNDLE_LOADER = "$(TEST_HOST)";
				FRAMEWORK_SEARCH_PATHS = (
					"$(SDKROOT)/Developer/Library/Frameworks",
					"$(inherited)",
				);
				GCC_PREPROCESSOR_DEFINITIONS = (
					"DEBUG=1",
					"$(inherited)",
				);
				INFOPLIST_FILE = "IP LookupTests/Info.plist";
				LD_RUNPATH_SEARCH_PATHS = "$(inherited) @executable_path/Frameworks @loader_path/Frameworks";
				PRODUCT_NAME = "$(TARGET_NAME)";
				TEST_HOST = "$(BUILT_PRODUCTS_DIR)/IP Lookup.app/IP Lookup";
			};
			name = Debug;
		};
		3554A6A61B29536300F178AF /* Release */ = {
			isa = XCBuildConfiguration;
			buildSettings = {
				BUNDLE_LOADER = "$(TEST_HOST)";
				FRAMEWORK_SEARCH_PATHS = (
					"$(SDKROOT)/Developer/Library/Frameworks",
					"$(inherited)",
				);
				INFOPLIST_FILE = "IP LookupTests/Info.plist";
				LD_RUNPATH_SEARCH_PATHS = "$(inherited) @executable_path/Frameworks @loader_path/Frameworks";
				PRODUCT_NAME = "$(TARGET_NAME)";
				TEST_HOST = "$(BUILT_PRODUCTS_DIR)/IP Lookup.app/IP Lookup";
			};
			name = Release;
		};
/* End XCBuildConfiguration section */

/* Begin XCConfigurationList section */
		3554A6791B29536300F178AF /* Build configuration list for PBXProject "IP Lookup" */ = {
			isa = XCConfigurationList;
			buildConfigurations = (
				3554A69F1B29536300F178AF /* Debug */,
				3554A6A01B29536300F178AF /* Release */,
			);
			defaultConfigurationIsVisible = 0;
			defaultConfigurationName = Release;
		};
		3554A6A11B29536300F178AF /* Build configuration list for PBXNativeTarget "IP Lookup" */ = {
			isa = XCConfigurationList;
			buildConfigurations = (
				3554A6A21B29536300F178AF /* Debug */,
				3554A6A31B29536300F178AF /* Release */,
			);
			defaultConfigurationIsVisible = 0;
		};
		3554A6A41B29536300F178AF /* Build configuration list for PBXNativeTarget "IP LookupTests" */ = {
			isa = XCConfigurationList;
			buildConfigurations = (
				3554A6A51B29536300F178AF /* Debug */,
				3554A6A61B29536300F178AF /* Release */,
			);
			defaultConfigurationIsVisible = 0;
		};
/* End XCConfigurationList section */
	};
	rootObject = 3554A6761B29536300F178AF /* Project object */;
}
